
Microsoft Visual Studio Solution File, Format Version 12.00
# Visual Studio 15
VisualStudioVersion = 15.0.28307.168
MinimumVisualStudioVersion = 10.0.40219.1
Project("{9A19103F-16F7-4668-BE54-9A1E7A4F7556}") = "Weather.Core", "Weather.Core\Weather.Core.csproj", "{D11471EB-EA6F-46E5-8CDA-A23219D66E16}"
EndProject
Project("{FAE04EC0-301F-11D3-BF4B-00C04F79EFBC}") = "Weather.Droid", "Weather.Droid\Weather.Droid.csproj", "{3BC0AC7E-3B3B-4D3F-9CC0-B2BDECC460A6}"
EndProject
Project("{9A19103F-16F7-4668-BE54-9A1E7A4F7556}") = "Weather.Api", "Weather.Api\Weather.Api.csproj", "{EAE12051-A52B-4AC0-BF3D-44870AE8EC5F}"
EndProject
Project("{FAE04EC0-301F-11D3-BF4B-00C04F79EFBC}") = "Weather.iOS", "Weather.iOS\Weather.iOS.csproj", "{80A96B52-6758-4BDB-B0B4-CEA4CA155C60}"
EndProject
Project("{FAE04EC0-301F-11D3-BF4B-00C04F79EFBC}") = "Weather.UnitTests", "Weather.UnitTests\Weather.UnitTests.csproj", "{742BCD82-521E-4912-93E9-DF8B77424978}"
EndProject
Project("{2150E333-8FDC-42A3-9474-1A3956D46DE8}") = "Core", "Core", "{8AFDB333-F029-428F-BD50-FB1980D4EC84}"
EndProject
Project("{2150E333-8FDC-42A3-9474-1A3956D46DE8}") = "Native", "Native", "{6A581CD0-302F-43F2-91AE-992C4A3CC0DF}"
EndProject
Project("{2150E333-8FDC-42A3-9474-1A3956D46DE8}") = "Tests", "Tests", "{6CE7044A-7DCD-4A10-B189-D824A400F365}"
EndProject
Global
	GlobalSection(SolutionConfigurationPlatforms) = preSolution
		Debug|Any CPU = Debug|Any CPU
		Debug|iPhone = Debug|iPhone
		Debug|iPhoneSimulator = Debug|iPhoneSimulator
		Release|Any CPU = Release|Any CPU
		Release|iPhone = Release|iPhone
		Release|iPhoneSimulator = Release|iPhoneSimulator
	EndGlobalSection
	GlobalSection(ProjectConfigurationPlatforms) = postSolution
		{D11471EB-EA6F-46E5-8CDA-A23219D66E16}.Debug|Any CPU.ActiveCfg = Debug|Any CPU
		{D11471EB-EA6F-46E5-8CDA-A23219D66E16}.Debug|Any CPU.Build.0 = Debug|Any CPU
		{D11471EB-EA6F-46E5-8CDA-A23219D66E16}.Debug|iPhone.ActiveCfg = Debug|Any CPU
		{D11471EB-EA6F-46E5-8CDA-A23219D66E16}.Debug|iPhone.Build.0 = Debug|Any CPU
		{D11471EB-EA6F-46E5-8CDA-A23219D66E16}.Debug|iPhoneSimulator.ActiveCfg = Debug|Any CPU
		{D11471EB-EA6F-46E5-8CDA-A23219D66E16}.Debug|iPhoneSimulator.Build.0 = Debug|Any CPU
		{D11471EB-EA6F-46E5-8CDA-A23219D66E16}.Release|Any CPU.ActiveCfg = Release|Any CPU
		{D11471EB-EA6F-46E5-8CDA-A23219D66E16}.Release|Any CPU.Build.0 = Release|Any CPU
		{D11471EB-EA6F-46E5-8CDA-A23219D66E16}.Release|iPhone.ActiveCfg = Release|Any CPU
		{D11471EB-EA6F-46E5-8CDA-A23219D66E16}.Release|iPhone.Build.0 = Release|Any CPU
		{D11471EB-EA6F-46E5-8CDA-A23219D66E16}.Release|iPhoneSimulator.ActiveCfg = Release|Any CPU
		{D11471EB-EA6F-46E5-8CDA-A23219D66E16}.Release|iPhoneSimulator.Build.0 = Release|Any CPU
		{3BC0AC7E-3B3B-4D3F-9CC0-B2BDECC460A6}.Debug|Any CPU.ActiveCfg = Debug|Any CPU
		{3BC0AC7E-3B3B-4D3F-9CC0-B2BDECC460A6}.Debug|Any CPU.Build.0 = Debug|Any CPU
		{3BC0AC7E-3B3B-4D3F-9CC0-B2BDECC460A6}.Debug|Any CPU.Deploy.0 = Debug|Any CPU
		{3BC0AC7E-3B3B-4D3F-9CC0-B2BDECC460A6}.Debug|iPhone.ActiveCfg = Debug|Any CPU
		{3BC0AC7E-3B3B-4D3F-9CC0-B2BDECC460A6}.Debug|iPhone.Build.0 = Debug|Any CPU
		{3BC0AC7E-3B3B-4D3F-9CC0-B2BDECC460A6}.Debug|iPhone.Deploy.0 = Debug|Any CPU
		{3BC0AC7E-3B3B-4D3F-9CC0-B2BDECC460A6}.Debug|iPhoneSimulator.ActiveCfg = Debug|Any CPU
		{3BC0AC7E-3B3B-4D3F-9CC0-B2BDECC460A6}.Debug|iPhoneSimulator.Build.0 = Debug|Any CPU
		{3BC0AC7E-3B3B-4D3F-9CC0-B2BDECC460A6}.Debug|iPhoneSimulator.Deploy.0 = Debug|Any CPU
		{3BC0AC7E-3B3B-4D3F-9CC0-B2BDECC460A6}.Release|Any CPU.ActiveCfg = Release|Any CPU
		{3BC0AC7E-3B3B-4D3F-9CC0-B2BDECC460A6}.Release|Any CPU.Build.0 = Release|Any CPU
		{3BC0AC7E-3B3B-4D3F-9CC0-B2BDECC460A6}.Release|Any CPU.Deploy.0 = Release|Any CPU
		{3BC0AC7E-3B3B-4D3F-9CC0-B2BDECC460A6}.Release|iPhone.ActiveCfg = Release|Any CPU
		{3BC0AC7E-3B3B-4D3F-9CC0-B2BDECC460A6}.Release|iPhone.Build.0 = Release|Any CPU
		{3BC0AC7E-3B3B-4D3F-9CC0-B2BDECC460A6}.Release|iPhone.Deploy.0 = Release|Any CPU
		{3BC0AC7E-3B3B-4D3F-9CC0-B2BDECC460A6}.Release|iPhoneSimulator.ActiveCfg = Release|Any CPU
		{3BC0AC7E-3B3B-4D3F-9CC0-B2BDECC460A6}.Release|iPhoneSimulator.Build.0 = Release|Any CPU
		{3BC0AC7E-3B3B-4D3F-9CC0-B2BDECC460A6}.Release|iPhoneSimulator.Deploy.0 = Release|Any CPU
		{EAE12051-A52B-4AC0-BF3D-44870AE8EC5F}.Debug|Any CPU.ActiveCfg = Debug|Any CPU
		{EAE12051-A52B-4AC0-BF3D-44870AE8EC5F}.Debug|Any CPU.Build.0 = Debug|Any CPU
		{EAE12051-A52B-4AC0-BF3D-44870AE8EC5F}.Debug|iPhone.ActiveCfg = Debug|Any CPU
		{EAE12051-A52B-4AC0-BF3D-44870AE8EC5F}.Debug|iPhone.Build.0 = Debug|Any CPU
		{EAE12051-A52B-4AC0-BF3D-44870AE8EC5F}.Debug|iPhoneSimulator.ActiveCfg = Debug|Any CPU
		{EAE12051-A52B-4AC0-BF3D-44870AE8EC5F}.Debug|iPhoneSimulator.Build.0 = Debug|Any CPU
		{EAE12051-A52B-4AC0-BF3D-44870AE8EC5F}.Release|Any CPU.ActiveCfg = Release|Any CPU
		{EAE12051-A52B-4AC0-BF3D-44870AE8EC5F}.Release|Any CPU.Build.0 = Release|Any CPU
		{EAE12051-A52B-4AC0-BF3D-44870AE8EC5F}.Release|iPhone.ActiveCfg = Release|Any CPU
		{EAE12051-A52B-4AC0-BF3D-44870AE8EC5F}.Release|iPhone.Build.0 = Release|Any CPU
		{EAE12051-A52B-4AC0-BF3D-44870AE8EC5F}.Release|iPhoneSimulator.ActiveCfg = Release|Any CPU
		{EAE12051-A52B-4AC0-BF3D-44870AE8EC5F}.Release|iPhoneSimulator.Build.0 = Release|Any CPU
		{80A96B52-6758-4BDB-B0B4-CEA4CA155C60}.Debug|Any CPU.ActiveCfg = Debug|iPhone
		{80A96B52-6758-4BDB-B0B4-CEA4CA155C60}.Debug|iPhone.ActiveCfg = Debug|iPhone
		{80A96B52-6758-4BDB-B0B4-CEA4CA155C60}.Debug|iPhone.Build.0 = Debug|iPhone
		{80A96B52-6758-4BDB-B0B4-CEA4CA155C60}.Debug|iPhoneSimulator.ActiveCfg = Debug|iPhoneSimulator
		{80A96B52-6758-4BDB-B0B4-CEA4CA155C60}.Debug|iPhoneSimulator.Build.0 = Debug|iPhoneSimulator
		{80A96B52-6758-4BDB-B0B4-CEA4CA155C60}.Release|Any CPU.ActiveCfg = Release|iPhone
		{80A96B52-6758-4BDB-B0B4-CEA4CA155C60}.Release|iPhone.ActiveCfg = Release|iPhone
		{80A96B52-6758-4BDB-B0B4-CEA4CA155C60}.Release|iPhone.Build.0 = Release|iPhone
		{80A96B52-6758-4BDB-B0B4-CEA4CA155C60}.Release|iPhoneSimulator.ActiveCfg = Release|iPhoneSimulator
		{80A96B52-6758-4BDB-B0B4-CEA4CA155C60}.Release|iPhoneSimulator.Build.0 = Release|iPhoneSimulator
		{742BCD82-521E-4912-93E9-DF8B77424978}.Debug|Any CPU.ActiveCfg = Debug|Any CPU
		{742BCD82-521E-4912-93E9-DF8B77424978}.Debug|Any CPU.Build.0 = Debug|Any CPU
		{742BCD82-521E-4912-93E9-DF8B77424978}.Debug|iPhone.ActiveCfg = Debug|Any CPU
		{742BCD82-521E-4912-93E9-DF8B77424978}.Debug|iPhone.Build.0 = Debug|Any CPU
		{742BCD82-521E-4912-93E9-DF8B77424978}.Debug|iPhoneSimulator.ActiveCfg = Debug|Any CPU
		{742BCD82-521E-4912-93E9-DF8B77424978}.Debug|iPhoneSimulator.Build.0 = Debug|Any CPU
		{742BCD82-521E-4912-93E9-DF8B77424978}.Release|Any CPU.ActiveCfg = Release|Any CPU
		{742BCD82-521E-4912-93E9-DF8B77424978}.Release|Any CPU.Build.0 = Release|Any CPU
		{742BCD82-521E-4912-93E9-DF8B77424978}.Release|iPhone.ActiveCfg = Release|Any CPU
		{742BCD82-521E-4912-93E9-DF8B77424978}.Release|iPhone.Build.0 = Release|Any CPU
		{742BCD82-521E-4912-93E9-DF8B77424978}.Release|iPhoneSimulator.ActiveCfg = Release|Any CPU
		{742BCD82-521E-4912-93E9-DF8B77424978}.Release|iPhoneSimulator.Build.0 = Release|Any CPU
	EndGlobalSection
	GlobalSection(SolutionProperties) = preSolution
		HideSolutionNode = FALSE
	EndGlobalSection
	GlobalSection(NestedProjects) = preSolution
		{D11471EB-EA6F-46E5-8CDA-A23219D66E16} = {8AFDB333-F029-428F-BD50-FB1980D4EC84}
		{3BC0AC7E-3B3B-4D3F-9CC0-B2BDECC460A6} = {6A581CD0-302F-43F2-91AE-992C4A3CC0DF}
		{EAE12051-A52B-4AC0-BF3D-44870AE8EC5F} = {8AFDB333-F029-428F-BD50-FB1980D4EC84}
		{80A96B52-6758-4BDB-B0B4-CEA4CA155C60} = {6A581CD0-302F-43F2-91AE-992C4A3CC0DF}
		{742BCD82-521E-4912-93E9-DF8B77424978} = {6CE7044A-7DCD-4A10-B189-D824A400F365}
	EndGlobalSection
	GlobalSection(ExtensibilityGlobals) = postSolution
		SolutionGuid = {37E0FDCD-2445-433D-AE52-705C9ABBA37C}
	EndGlobalSection
EndGlobal
